
Microsoft Visual Studio Solution File, Format Version 12.00
# Visual Studio 2013
VisualStudioVersion = 12.0.21005.1
MinimumVisualStudioVersion = 10.0.40219.1
Project("{FAE04EC0-301F-11D3-BF4B-00C04F79EFBC}") = "ejer1Pract1", "ejer1Pract1\ejer1Pract1.csproj", "{C064A571-D67D-4D77-81CE-6BD292AF93B8}"
EndProject
Global
	GlobalSection(SolutionConfigurationPlatforms) = preSolution
		Debug|Any CPU = Debug|Any CPU
		Release|Any CPU = Release|Any CPU
	EndGlobalSection
	GlobalSection(ProjectConfigurationPlatforms) = postSolution
		{C064A571-D67D-4D77-81CE-6BD292AF93B8}.Debug|Any CPU.ActiveCfg = Debug|Any CPU
		{C064A571-D67D-4D77-81CE-6BD292AF93B8}.Debug|Any CPU.Build.0 = Debug|Any CPU
		{C064A571-D67D-4D77-81CE-6BD292AF93B8}.Release|Any CPU.ActiveCfg = Release|Any CPU
		{C064A571-D67D-4D77-81CE-6BD292AF93B8}.Release|Any CPU.Build.0 = Release|Any CPU
	EndGlobalSection
	GlobalSection(SolutionProperties) = preSolution
		HideSolutionNode = FALSE
	EndGlobalSection
EndGlobal
